generated_at = "2026-09-01 21:49:52"
generated_by = "kennel"
version = 1

[[package]]
checksum = ""
install_path = "kennel_packages/ability"
kind = "github"
name = "ability"
path = ""
repository = "https://github.com/kujolang/ability.git"
requested = "e74ed82bbf4133381c9717f0802b9a964f37a6b2"
requested_kind = "commit"
resolved_commit = "e74ed82bbf4133381c9717f0802b9a964f37a6b2"
resolved_ref = "e74ed82bbf4133381c9717f0802b9a964f37a6b2"
signature = ""
signing_key = ""
source = "github:kujolang/ability"
version = "1.0.1"
