generated_at = "2026-09-01 21:49:52"
generated_by = "kennel"
version = 1

[[package]]
checksum = ""
install_path = "kennel_packages/ability"
kind = "github"
name = "ability"
path = ""
repository = "https://github.com/kujolang/ability.git"
requested = "322353834ef11d8859ef66720517ce7fd066c9a2"
requested_kind = "commit"
resolved_commit = "322353834ef11d8859ef66720517ce7fd066c9a2"
resolved_ref = "322353834ef11d8859ef66720517ce7fd066c9a2"
signature = ""
signing_key = ""
source = "github:kujolang/ability"
version = "1.0.1"
