{
  "name": "@kujolang/kujo-cmd",
  "version": "0.1.0",
  "lockfileVersion": 3,
  "requires": true,
  "packages": {
    "": {
      "name": "@kujolang/kujo-cmd",
      "version": "0.1.0",
      "license": "MIT",
      "dependencies": {
        "@kujolang/kujo-runtime": "1.4.0"
      },
      "bin": {
        "kujo-cmd": "bin/kujo-cmd.mjs"
      },
      "engines": {
        "node": ">=20"
      }
    },
    "node_modules/@kujolang/kujo-darwin-arm64": {
      "version": "1.4.0",
      "resolved": "https://registry.npmjs.org/@kujolang/kujo-darwin-arm64/-/kujo-darwin-arm64-1.4.0.tgz",
      "integrity": "sha512-C4ePcwedIIgkwS61+KX4iYQPtV4/s8EldCCG6kA/wabR/ZGyh7pKjhMxaeE6XTI/bTFRo+YqRPhDdxR7fHNJNg==",
      "cpu": [
        "arm64"
      ],
      "license": "MIT",
      "optional": true,
      "os": [
        "darwin"
      ]
    },
    "node_modules/@kujolang/kujo-darwin-x64": {
      "version": "1.4.0",
      "resolved": "https://registry.npmjs.org/@kujolang/kujo-darwin-x64/-/kujo-darwin-x64-1.4.0.tgz",
      "integrity": "sha512-jodauH96flahJW9YBcVgkeM86r1vM/+C6KtbMaSWoaYvMK/JYOY7dtdhT+MQKIytFFxBlRtI0p818yUzhxSXGQ==",
      "cpu": [
        "x64"
      ],
      "license": "MIT",
      "optional": true,
      "os": [
        "darwin"
      ]
    },
    "node_modules/@kujolang/kujo-linux-arm64": {
      "version": "1.4.0",
      "resolved": "https://registry.npmjs.org/@kujolang/kujo-linux-arm64/-/kujo-linux-arm64-1.4.0.tgz",
      "integrity": "sha512-gLmB7kAafX8QsUryHyOt9Peuw61Fdu3qMLo91pGg4ygfWLlurNf+BlRu1lnHZuhWOEtbtdi0ZVFjua/sPTrP1A==",
      "cpu": [
        "arm64"
      ],
      "libc": [
        "glibc"
      ],
      "license": "MIT",
      "optional": true,
      "os": [
        "linux"
      ]
    },
    "node_modules/@kujolang/kujo-linux-x64": {
      "version": "1.4.0",
      "resolved": "https://registry.npmjs.org/@kujolang/kujo-linux-x64/-/kujo-linux-x64-1.4.0.tgz",
      "integrity": "sha512-NoMzvdZB0fqGVm9beC62YRfXg7Qax9sll3afkBkygmMKkrdHst4JFSuLMD5h5iUM10+iGcwwesIjk2MssePVuA==",
      "cpu": [
        "x64"
      ],
      "libc": [
        "glibc"
      ],
      "license": "MIT",
      "optional": true,
      "os": [
        "linux"
      ]
    },
    "node_modules/@kujolang/kujo-runtime": {
      "version": "1.4.0",
      "resolved": "https://registry.npmjs.org/@kujolang/kujo-runtime/-/kujo-runtime-1.4.0.tgz",
      "integrity": "sha512-dtzeW/ecvMLSb9LmaM21bAueAbwUsVLN/LeGeRjHrKjlGn9HUf8mWZ7a9wokemTyRfOr7XVJGZcMpLEssdot1w==",
      "license": "MIT",
      "bin": {
        "kujo": "bin/kujo.js"
      },
      "engines": {
        "node": ">=18"
      },
      "optionalDependencies": {
        "@kujolang/kujo-darwin-arm64": "1.4.0",
        "@kujolang/kujo-darwin-x64": "1.4.0",
        "@kujolang/kujo-linux-arm64": "1.4.0",
        "@kujolang/kujo-linux-x64": "1.4.0",
        "@kujolang/kujo-win32-x64": "1.4.0"
      }
    },
    "node_modules/@kujolang/kujo-win32-x64": {
      "version": "1.4.0",
      "resolved": "https://registry.npmjs.org/@kujolang/kujo-win32-x64/-/kujo-win32-x64-1.4.0.tgz",
      "integrity": "sha512-kHPrSOLfVPv15mHYqCKFJIKBiHQp8Jfa/LNY3LpFOSw42ihvhlci7NmDpPpWGcWHxPeqEErI2W+bpKY4mTM7+w==",
      "cpu": [
        "x64"
      ],
      "license": "MIT",
      "optional": true,
      "os": [
        "win32"
      ]
    }
  }
}
